
Microsoft Visual Studio Solution File, Format Version 12.00
# Visual Studio 15
VisualStudioVersion = 15.0.28307.136
MinimumVisualStudioVersion = 10.0.40219.1
Project("{8BC9CEB8-8B4A-11D0-8D11-00A0C91BC942}") = "6.36", "6.36\6.36.vcxproj", "{9F08C245-2649-452F-A024-88F611B10F14}"
EndProject
Global
	GlobalSection(SolutionConfigurationPlatforms) = preSolution
		Debug|x64 = Debug|x64
		Debug|x86 = Debug|x86
		Release|x64 = Release|x64
		Release|x86 = Release|x86
	EndGlobalSection
	GlobalSection(ProjectConfigurationPlatforms) = postSolution
		{9F08C245-2649-452F-A024-88F611B10F14}.Debug|x64.ActiveCfg = Debug|x64
		{9F08C245-2649-452F-A024-88F611B10F14}.Debug|x64.Build.0 = Debug|x64
		{9F08C245-2649-452F-A024-88F611B10F14}.Debug|x86.ActiveCfg = Debug|Win32
		{9F08C245-2649-452F-A024-88F611B10F14}.Debug|x86.Build.0 = Debug|Win32
		{9F08C245-2649-452F-A024-88F611B10F14}.Release|x64.ActiveCfg = Release|x64
		{9F08C245-2649-452F-A024-88F611B10F14}.Release|x64.Build.0 = Release|x64
		{9F08C245-2649-452F-A024-88F611B10F14}.Release|x86.ActiveCfg = Release|Win32
		{9F08C245-2649-452F-A024-88F611B10F14}.Release|x86.Build.0 = Release|Win32
	EndGlobalSection
	GlobalSection(SolutionProperties) = preSolution
		HideSolutionNode = FALSE
	EndGlobalSection
	GlobalSection(ExtensibilityGlobals) = postSolution
		SolutionGuid = {12B0B63C-D08C-4321-9E57-F5F079D9229C}
	EndGlobalSection
EndGlobal
